
Microsoft Visual Studio Solution File, Format Version 12.00
# Visual Studio Version 17
VisualStudioVersion = 17.12.35527.113 d17.12
MinimumVisualStudioVersion = 10.0.40219.1
Project("{FAE04EC0-301F-11D3-BF4B-00C04F79EFBC}") = "ReportService", "ReportService\ReportService.csproj", "{EC500270-B2F6-42D4-A06D-60970D4AFD08}"
EndProject
Project("{FAE04EC0-301F-11D3-BF4B-00C04F79EFBC}") = "ContactService", "ContactService\ContactService.csproj", "{1A6D06A4-B05A-4B15-AD91-79FFE2C463E5}"
EndProject
Global
	GlobalSection(SolutionConfigurationPlatforms) = preSolution
		Debug|Any CPU = Debug|Any CPU
		Release|Any CPU = Release|Any CPU
	EndGlobalSection
	GlobalSection(ProjectConfigurationPlatforms) = postSolution
		{EC500270-B2F6-42D4-A06D-60970D4AFD08}.Debug|Any CPU.ActiveCfg = Debug|Any CPU
		{EC500270-B2F6-42D4-A06D-60970D4AFD08}.Debug|Any CPU.Build.0 = Debug|Any CPU
		{EC500270-B2F6-42D4-A06D-60970D4AFD08}.Release|Any CPU.ActiveCfg = Release|Any CPU
		{EC500270-B2F6-42D4-A06D-60970D4AFD08}.Release|Any CPU.Build.0 = Release|Any CPU
		{1A6D06A4-B05A-4B15-AD91-79FFE2C463E5}.Debug|Any CPU.ActiveCfg = Debug|Any CPU
		{1A6D06A4-B05A-4B15-AD91-79FFE2C463E5}.Debug|Any CPU.Build.0 = Debug|Any CPU
		{1A6D06A4-B05A-4B15-AD91-79FFE2C463E5}.Release|Any CPU.ActiveCfg = Release|Any CPU
		{1A6D06A4-B05A-4B15-AD91-79FFE2C463E5}.Release|Any CPU.Build.0 = Release|Any CPU
	EndGlobalSection
	GlobalSection(SolutionProperties) = preSolution
		HideSolutionNode = FALSE
	EndGlobalSection
EndGlobal
